
Microsoft Visual Studio Solution File, Format Version 12.00
# Visual Studio 15
VisualStudioVersion = 15.0.28307.168
MinimumVisualStudioVersion = 10.0.40219.1
Project("{FAE04EC0-301F-11D3-BF4B-00C04F79EFBC}") = "Tests", "Tests\Tests.csproj", "{863D712E-5655-4D9C-999C-8AD8F57F5B90}"
EndProject
Project("{FAE04EC0-301F-11D3-BF4B-00C04F79EFBC}") = "SnakesAndLadder", "SnakesAndLadder\SnakesAndLadder.csproj", "{8ABC1936-74B9-416D-B2EA-6EF1C529320C}"
EndProject
Global
	GlobalSection(SolutionConfigurationPlatforms) = preSolution
		Debug|Any CPU = Debug|Any CPU
		Release|Any CPU = Release|Any CPU
	EndGlobalSection
	GlobalSection(ProjectConfigurationPlatforms) = postSolution
		{863D712E-5655-4D9C-999C-8AD8F57F5B90}.Debug|Any CPU.ActiveCfg = Debug|Any CPU
		{863D712E-5655-4D9C-999C-8AD8F57F5B90}.Debug|Any CPU.Build.0 = Debug|Any CPU
		{863D712E-5655-4D9C-999C-8AD8F57F5B90}.Release|Any CPU.ActiveCfg = Release|Any CPU
		{863D712E-5655-4D9C-999C-8AD8F57F5B90}.Release|Any CPU.Build.0 = Release|Any CPU
		{8ABC1936-74B9-416D-B2EA-6EF1C529320C}.Debug|Any CPU.ActiveCfg = Debug|Any CPU
		{8ABC1936-74B9-416D-B2EA-6EF1C529320C}.Debug|Any CPU.Build.0 = Debug|Any CPU
		{8ABC1936-74B9-416D-B2EA-6EF1C529320C}.Release|Any CPU.ActiveCfg = Release|Any CPU
		{8ABC1936-74B9-416D-B2EA-6EF1C529320C}.Release|Any CPU.Build.0 = Release|Any CPU
	EndGlobalSection
	GlobalSection(SolutionProperties) = preSolution
		HideSolutionNode = FALSE
	EndGlobalSection
	GlobalSection(ExtensibilityGlobals) = postSolution
		SolutionGuid = {8A53C430-630C-4B96-B875-202E65E1F52C}
	EndGlobalSection
EndGlobal
